
Microsoft Visual Studio Solution File, Format Version 12.00
# Visual Studio Version 16
VisualStudioVersion = 16.0.29806.167
MinimumVisualStudioVersion = 10.0.40219.1
Project("{8BC9CEB8-8B4A-11D0-8D11-00A0C91BC942}") = "1_input_output", "1_input_output\1_input_output.vcxproj", "{E773C009-9298-4BF3-8FF5-62DA2E06CD82}"
EndProject
Project("{8BC9CEB8-8B4A-11D0-8D11-00A0C91BC942}") = "2_ctocpp", "2_ctocpp\2_ctocpp.vcxproj", "{CEFF0B25-1F89-4CF8-A386-52FD4E3725E0}"
EndProject
Project("{8BC9CEB8-8B4A-11D0-8D11-00A0C91BC942}") = "3_dividebyzero", "dividebyzero\dividebyzero.vcxproj", "{62E48F9B-227C-4250-B0B8-7EEB987023D2}"
EndProject
Project("{8BC9CEB8-8B4A-11D0-8D11-00A0C91BC942}") = "4_scope1", "4_scope1\4_scope1.vcxproj", "{096DEA1C-D4EB-49D3-9CD1-67AD35069378}"
EndProject
Project("{8BC9CEB8-8B4A-11D0-8D11-00A0C91BC942}") = "5_scope2", "5_scope2\5_scope2.vcxproj", "{47AF5819-6E15-45B3-A31C-C9726DE3DE04}"
EndProject
Project("{8BC9CEB8-8B4A-11D0-8D11-00A0C91BC942}") = "6_scope3", "6_scope3\6_scope3.vcxproj", "{7BD4D84D-DBBB-40CC-937A-C1ED962453BC}"
EndProject
Project("{8BC9CEB8-8B4A-11D0-8D11-00A0C91BC942}") = "7_array1", "7_array1\7_array1.vcxproj", "{98EA2AB0-E439-4492-826B-B83B139CA68D}"
EndProject
Project("{8BC9CEB8-8B4A-11D0-8D11-00A0C91BC942}") = "8_array2", "8_array2\8_array2.vcxproj", "{8225083E-9914-4087-BF12-688768BDA7F6}"
EndProject
Project("{8BC9CEB8-8B4A-11D0-8D11-00A0C91BC942}") = "9_circle", "9_circle\9_circle.vcxproj", "{DA1CFF2B-59A8-45FC-8FB6-09A2E490AC04}"
EndProject
Project("{8BC9CEB8-8B4A-11D0-8D11-00A0C91BC942}") = "10_objectarray", "10_objectarray\10_objectarray.vcxproj", "{CEDBB821-F201-4FE0-BED4-363A7F91E5DF}"
EndProject
Project("{8BC9CEB8-8B4A-11D0-8D11-00A0C91BC942}") = "11_koreantime", "11_koreantime\11_koreantime.vcxproj", "{2854EBAE-9B2F-4A11-8218-A64B31E83AF3}"
EndProject
Project("{8BC9CEB8-8B4A-11D0-8D11-00A0C91BC942}") = "12_string", "12_string\12_string.vcxproj", "{4713E882-1D17-470A-ACF5-49F112972BD0}"
EndProject
Project("{8BC9CEB8-8B4A-11D0-8D11-00A0C91BC942}") = "13_stringmethod", "13_stringmethod\13_stringmethod.vcxproj", "{2311CF37-5C37-44D2-8E6A-7BD9AF5F618F}"
EndProject
Project("{8BC9CEB8-8B4A-11D0-8D11-00A0C91BC942}") = "myNewProject", "myNewProject\myNewProject.vcxproj", "{C29D64EB-0DB6-445D-816C-481437E293F0}"
EndProject
Project("{8BC9CEB8-8B4A-11D0-8D11-00A0C91BC942}") = "newProject", "newProject\newProject.vcxproj", "{FAB0A51B-F796-4AC9-87CA-D49AD125FD86}"
EndProject
Global
	GlobalSection(SolutionConfigurationPlatforms) = preSolution
		Debug|x64 = Debug|x64
		Debug|x86 = Debug|x86
		Release|x64 = Release|x64
		Release|x86 = Release|x86
	EndGlobalSection
	GlobalSection(ProjectConfigurationPlatforms) = postSolution
		{E773C009-9298-4BF3-8FF5-62DA2E06CD82}.Debug|x64.ActiveCfg = Debug|x64
		{E773C009-9298-4BF3-8FF5-62DA2E06CD82}.Debug|x64.Build.0 = Debug|x64
		{E773C009-9298-4BF3-8FF5-62DA2E06CD82}.Debug|x86.ActiveCfg = Debug|Win32
		{E773C009-9298-4BF3-8FF5-62DA2E06CD82}.Debug|x86.Build.0 = Debug|Win32
		{E773C009-9298-4BF3-8FF5-62DA2E06CD82}.Release|x64.ActiveCfg = Release|x64
		{E773C009-9298-4BF3-8FF5-62DA2E06CD82}.Release|x64.Build.0 = Release|x64
		{E773C009-9298-4BF3-8FF5-62DA2E06CD82}.Release|x86.ActiveCfg = Release|Win32
		{E773C009-9298-4BF3-8FF5-62DA2E06CD82}.Release|x86.Build.0 = Release|Win32
		{CEFF0B25-1F89-4CF8-A386-52FD4E3725E0}.Debug|x64.ActiveCfg = Debug|x64
		{CEFF0B25-1F89-4CF8-A386-52FD4E3725E0}.Debug|x64.Build.0 = Debug|x64
		{CEFF0B25-1F89-4CF8-A386-52FD4E3725E0}.Debug|x86.ActiveCfg = Debug|Win32
		{CEFF0B25-1F89-4CF8-A386-52FD4E3725E0}.Debug|x86.Build.0 = Debug|Win32
		{CEFF0B25-1F89-4CF8-A386-52FD4E3725E0}.Release|x64.ActiveCfg = Release|x64
		{CEFF0B25-1F89-4CF8-A386-52FD4E3725E0}.Release|x64.Build.0 = Release|x64
		{CEFF0B25-1F89-4CF8-A386-52FD4E3725E0}.Release|x86.ActiveCfg = Release|Win32
		{CEFF0B25-1F89-4CF8-A386-52FD4E3725E0}.Release|x86.Build.0 = Release|Win32
		{62E48F9B-227C-4250-B0B8-7EEB987023D2}.Debug|x64.ActiveCfg = Debug|x64
		{62E48F9B-227C-4250-B0B8-7EEB987023D2}.Debug|x64.Build.0 = Debug|x64
		{62E48F9B-227C-4250-B0B8-7EEB987023D2}.Debug|x86.ActiveCfg = Debug|Win32
		{62E48F9B-227C-4250-B0B8-7EEB987023D2}.Debug|x86.Build.0 = Debug|Win32
		{62E48F9B-227C-4250-B0B8-7EEB987023D2}.Release|x64.ActiveCfg = Release|x64
		{62E48F9B-227C-4250-B0B8-7EEB987023D2}.Release|x64.Build.0 = Release|x64
		{62E48F9B-227C-4250-B0B8-7EEB987023D2}.Release|x86.ActiveCfg = Release|Win32
		{62E48F9B-227C-4250-B0B8-7EEB987023D2}.Release|x86.Build.0 = Release|Win32
		{096DEA1C-D4EB-49D3-9CD1-67AD35069378}.Debug|x64.ActiveCfg = Debug|x64
		{096DEA1C-D4EB-49D3-9CD1-67AD35069378}.Debug|x64.Build.0 = Debug|x64
		{096DEA1C-D4EB-49D3-9CD1-67AD35069378}.Debug|x86.ActiveCfg = Debug|Win32
		{096DEA1C-D4EB-49D3-9CD1-67AD35069378}.Debug|x86.Build.0 = Debug|Win32
		{096DEA1C-D4EB-49D3-9CD1-67AD35069378}.Release|x64.ActiveCfg = Release|x64
		{096DEA1C-D4EB-49D3-9CD1-67AD35069378}.Release|x64.Build.0 = Release|x64
		{096DEA1C-D4EB-49D3-9CD1-67AD35069378}.Release|x86.ActiveCfg = Release|Win32
		{096DEA1C-D4EB-49D3-9CD1-67AD35069378}.Release|x86.Build.0 = Release|Win32
		{47AF5819-6E15-45B3-A31C-C9726DE3DE04}.Debug|x64.ActiveCfg = Debug|x64
		{47AF5819-6E15-45B3-A31C-C9726DE3DE04}.Debug|x64.Build.0 = Debug|x64
		{47AF5819-6E15-45B3-A31C-C9726DE3DE04}.Debug|x86.ActiveCfg = Debug|Win32
		{47AF5819-6E15-45B3-A31C-C9726DE3DE04}.Debug|x86.Build.0 = Debug|Win32
		{47AF5819-6E15-45B3-A31C-C9726DE3DE04}.Release|x64.ActiveCfg = Release|x64
		{47AF5819-6E15-45B3-A31C-C9726DE3DE04}.Release|x64.Build.0 = Release|x64
		{47AF5819-6E15-45B3-A31C-C9726DE3DE04}.Release|x86.ActiveCfg = Release|Win32
		{47AF5819-6E15-45B3-A31C-C9726DE3DE04}.Release|x86.Build.0 = Release|Win32
		{7BD4D84D-DBBB-40CC-937A-C1ED962453BC}.Debug|x64.ActiveCfg = Debug|x64
		{7BD4D84D-DBBB-40CC-937A-C1ED962453BC}.Debug|x64.Build.0 = Debug|x64
		{7BD4D84D-DBBB-40CC-937A-C1ED962453BC}.Debug|x86.ActiveCfg = Debug|Win32
		{7BD4D84D-DBBB-40CC-937A-C1ED962453BC}.Debug|x86.Build.0 = Debug|Win32
		{7BD4D84D-DBBB-40CC-937A-C1ED962453BC}.Release|x64.ActiveCfg = Release|x64
		{7BD4D84D-DBBB-40CC-937A-C1ED962453BC}.Release|x64.Build.0 = Release|x64
		{7BD4D84D-DBBB-40CC-937A-C1ED962453BC}.Release|x86.ActiveCfg = Release|Win32
		{7BD4D84D-DBBB-40CC-937A-C1ED962453BC}.Release|x86.Build.0 = Release|Win32
		{98EA2AB0-E439-4492-826B-B83B139CA68D}.Debug|x64.ActiveCfg = Debug|x64
		{98EA2AB0-E439-4492-826B-B83B139CA68D}.Debug|x64.Build.0 = Debug|x64
		{98EA2AB0-E439-4492-826B-B83B139CA68D}.Debug|x86.ActiveCfg = Debug|Win32
		{98EA2AB0-E439-4492-826B-B83B139CA68D}.Debug|x86.Build.0 = Debug|Win32
		{98EA2AB0-E439-4492-826B-B83B139CA68D}.Release|x64.ActiveCfg = Release|x64
		{98EA2AB0-E439-4492-826B-B83B139CA68D}.Release|x64.Build.0 = Release|x64
		{98EA2AB0-E439-4492-826B-B83B139CA68D}.Release|x86.ActiveCfg = Release|Win32
		{98EA2AB0-E439-4492-826B-B83B139CA68D}.Release|x86.Build.0 = Release|Win32
		{8225083E-9914-4087-BF12-688768BDA7F6}.Debug|x64.ActiveCfg = Debug|x64
		{8225083E-9914-4087-BF12-688768BDA7F6}.Debug|x64.Build.0 = Debug|x64
		{8225083E-9914-4087-BF12-688768BDA7F6}.Debug|x86.ActiveCfg = Debug|Win32
		{8225083E-9914-4087-BF12-688768BDA7F6}.Debug|x86.Build.0 = Debug|Win32
		{8225083E-9914-4087-BF12-688768BDA7F6}.Release|x64.ActiveCfg = Release|x64
		{8225083E-9914-4087-BF12-688768BDA7F6}.Release|x64.Build.0 = Release|x64
		{8225083E-9914-4087-BF12-688768BDA7F6}.Release|x86.ActiveCfg = Release|Win32
		{8225083E-9914-4087-BF12-688768BDA7F6}.Release|x86.Build.0 = Release|Win32
		{DA1CFF2B-59A8-45FC-8FB6-09A2E490AC04}.Debug|x64.ActiveCfg = Debug|x64
		{DA1CFF2B-59A8-45FC-8FB6-09A2E490AC04}.Debug|x64.Build.0 = Debug|x64
		{DA1CFF2B-59A8-45FC-8FB6-09A2E490AC04}.Debug|x86.ActiveCfg = Debug|Win32
		{DA1CFF2B-59A8-45FC-8FB6-09A2E490AC04}.Debug|x86.Build.0 = Debug|Win32
		{DA1CFF2B-59A8-45FC-8FB6-09A2E490AC04}.Release|x64.ActiveCfg = Release|x64
		{DA1CFF2B-59A8-45FC-8FB6-09A2E490AC04}.Release|x64.Build.0 = Release|x64
		{DA1CFF2B-59A8-45FC-8FB6-09A2E490AC04}.Release|x86.ActiveCfg = Release|Win32
		{DA1CFF2B-59A8-45FC-8FB6-09A2E490AC04}.Release|x86.Build.0 = Release|Win32
		{CEDBB821-F201-4FE0-BED4-363A7F91E5DF}.Debug|x64.ActiveCfg = Debug|x64
		{CEDBB821-F201-4FE0-BED4-363A7F91E5DF}.Debug|x64.Build.0 = Debug|x64
		{CEDBB821-F201-4FE0-BED4-363A7F91E5DF}.Debug|x86.ActiveCfg = Debug|Win32
		{CEDBB821-F201-4FE0-BED4-363A7F91E5DF}.Debug|x86.Build.0 = Debug|Win32
		{CEDBB821-F201-4FE0-BED4-363A7F91E5DF}.Release|x64.ActiveCfg = Release|x64
		{CEDBB821-F201-4FE0-BED4-363A7F91E5DF}.Release|x64.Build.0 = Release|x64
		{CEDBB821-F201-4FE0-BED4-363A7F91E5DF}.Release|x86.ActiveCfg = Release|Win32
		{CEDBB821-F201-4FE0-BED4-363A7F91E5DF}.Release|x86.Build.0 = Release|Win32
		{2854EBAE-9B2F-4A11-8218-A64B31E83AF3}.Debug|x64.ActiveCfg = Debug|x64
		{2854EBAE-9B2F-4A11-8218-A64B31E83AF3}.Debug|x64.Build.0 = Debug|x64
		{2854EBAE-9B2F-4A11-8218-A64B31E83AF3}.Debug|x86.ActiveCfg = Debug|Win32
		{2854EBAE-9B2F-4A11-8218-A64B31E83AF3}.Debug|x86.Build.0 = Debug|Win32
		{2854EBAE-9B2F-4A11-8218-A64B31E83AF3}.Release|x64.ActiveCfg = Release|x64
		{2854EBAE-9B2F-4A11-8218-A64B31E83AF3}.Release|x64.Build.0 = Release|x64
		{2854EBAE-9B2F-4A11-8218-A64B31E83AF3}.Release|x86.ActiveCfg = Release|Win32
		{2854EBAE-9B2F-4A11-8218-A64B31E83AF3}.Release|x86.Build.0 = Release|Win32
		{4713E882-1D17-470A-ACF5-49F112972BD0}.Debug|x64.ActiveCfg = Debug|x64
		{4713E882-1D17-470A-ACF5-49F112972BD0}.Debug|x64.Build.0 = Debug|x64
		{4713E882-1D17-470A-ACF5-49F112972BD0}.Debug|x86.ActiveCfg = Debug|Win32
		{4713E882-1D17-470A-ACF5-49F112972BD0}.Debug|x86.Build.0 = Debug|Win32
		{4713E882-1D17-470A-ACF5-49F112972BD0}.Release|x64.ActiveCfg = Release|x64
		{4713E882-1D17-470A-ACF5-49F112972BD0}.Release|x64.Build.0 = Release|x64
		{4713E882-1D17-470A-ACF5-49F112972BD0}.Release|x86.ActiveCfg = Release|Win32
		{4713E882-1D17-470A-ACF5-49F112972BD0}.Release|x86.Build.0 = Release|Win32
		{2311CF37-5C37-44D2-8E6A-7BD9AF5F618F}.Debug|x64.ActiveCfg = Debug|x64
		{2311CF37-5C37-44D2-8E6A-7BD9AF5F618F}.Debug|x64.Build.0 = Debug|x64
		{2311CF37-5C37-44D2-8E6A-7BD9AF5F618F}.Debug|x86.ActiveCfg = Debug|Win32
		{2311CF37-5C37-44D2-8E6A-7BD9AF5F618F}.Debug|x86.Build.0 = Debug|Win32
		{2311CF37-5C37-44D2-8E6A-7BD9AF5F618F}.Release|x64.ActiveCfg = Release|x64
		{2311CF37-5C37-44D2-8E6A-7BD9AF5F618F}.Release|x64.Build.0 = Release|x64
		{2311CF37-5C37-44D2-8E6A-7BD9AF5F618F}.Release|x86.ActiveCfg = Release|Win32
		{2311CF37-5C37-44D2-8E6A-7BD9AF5F618F}.Release|x86.Build.0 = Release|Win32
		{C29D64EB-0DB6-445D-816C-481437E293F0}.Debug|x64.ActiveCfg = Debug|x64
		{C29D64EB-0DB6-445D-816C-481437E293F0}.Debug|x64.Build.0 = Debug|x64
		{C29D64EB-0DB6-445D-816C-481437E293F0}.Debug|x86.ActiveCfg = Debug|Win32
		{C29D64EB-0DB6-445D-816C-481437E293F0}.Debug|x86.Build.0 = Debug|Win32
		{C29D64EB-0DB6-445D-816C-481437E293F0}.Release|x64.ActiveCfg = Release|x64
		{C29D64EB-0DB6-445D-816C-481437E293F0}.Release|x64.Build.0 = Release|x64
		{C29D64EB-0DB6-445D-816C-481437E293F0}.Release|x86.ActiveCfg = Release|Win32
		{C29D64EB-0DB6-445D-816C-481437E293F0}.Release|x86.Build.0 = Release|Win32
		{FAB0A51B-F796-4AC9-87CA-D49AD125FD86}.Debug|x64.ActiveCfg = Debug|x64
		{FAB0A51B-F796-4AC9-87CA-D49AD125FD86}.Debug|x64.Build.0 = Debug|x64
		{FAB0A51B-F796-4AC9-87CA-D49AD125FD86}.Debug|x86.ActiveCfg = Debug|Win32
		{FAB0A51B-F796-4AC9-87CA-D49AD125FD86}.Debug|x86.Build.0 = Debug|Win32
		{FAB0A51B-F796-4AC9-87CA-D49AD125FD86}.Release|x64.ActiveCfg = Release|x64
		{FAB0A51B-F796-4AC9-87CA-D49AD125FD86}.Release|x64.Build.0 = Release|x64
		{FAB0A51B-F796-4AC9-87CA-D49AD125FD86}.Release|x86.ActiveCfg = Release|Win32
		{FAB0A51B-F796-4AC9-87CA-D49AD125FD86}.Release|x86.Build.0 = Release|Win32
	EndGlobalSection
	GlobalSection(SolutionProperties) = preSolution
		HideSolutionNode = FALSE
	EndGlobalSection
	GlobalSection(ExtensibilityGlobals) = postSolution
		SolutionGuid = {5EDD43F2-F5C5-4A12-A07E-D8AF613CED59}
	EndGlobalSection
EndGlobal
