
Microsoft Visual Studio Solution File, Format Version 12.00
# Visual Studio Version 16
VisualStudioVersion = 16.0.30011.22
MinimumVisualStudioVersion = 10.0.40219.1
Project("{8BC9CEB8-8B4A-11D0-8D11-00A0C91BC942}") = "constReference", "constReference\constReference.vcxproj", "{F71A561E-F88E-4FEC-BF04-3C16ABACD465}"
EndProject
Project("{8BC9CEB8-8B4A-11D0-8D11-00A0C91BC942}") = "functionPointer", "functionPointer\functionPointer.vcxproj", "{24D44FFE-AD9C-4C3D-9AB2-F2E4C0E6FF71}"
EndProject
Project("{8BC9CEB8-8B4A-11D0-8D11-00A0C91BC942}") = "linkedQueue", "linkedQueue\linkedQueue.vcxproj", "{DE027349-D87B-4EFB-A139-5E73449EE21E}"
EndProject
Project("{8BC9CEB8-8B4A-11D0-8D11-00A0C91BC942}") = "studentQueue", "studentQueue\studentQueue.vcxproj", "{CB80625C-8E23-4BEC-8830-59ADB26D4075}"
EndProject
Project("{8BC9CEB8-8B4A-11D0-8D11-00A0C91BC942}") = "studentStack", "studentStack\studentStack.vcxproj", "{40EFBAE3-0A3D-429F-8F6F-9F572CE01B40}"
EndProject
Global
	GlobalSection(SolutionConfigurationPlatforms) = preSolution
		Debug|x64 = Debug|x64
		Debug|x86 = Debug|x86
		Release|x64 = Release|x64
		Release|x86 = Release|x86
	EndGlobalSection
	GlobalSection(ProjectConfigurationPlatforms) = postSolution
		{F71A561E-F88E-4FEC-BF04-3C16ABACD465}.Debug|x64.ActiveCfg = Debug|x64
		{F71A561E-F88E-4FEC-BF04-3C16ABACD465}.Debug|x64.Build.0 = Debug|x64
		{F71A561E-F88E-4FEC-BF04-3C16ABACD465}.Debug|x86.ActiveCfg = Debug|Win32
		{F71A561E-F88E-4FEC-BF04-3C16ABACD465}.Debug|x86.Build.0 = Debug|Win32
		{F71A561E-F88E-4FEC-BF04-3C16ABACD465}.Release|x64.ActiveCfg = Release|x64
		{F71A561E-F88E-4FEC-BF04-3C16ABACD465}.Release|x64.Build.0 = Release|x64
		{F71A561E-F88E-4FEC-BF04-3C16ABACD465}.Release|x86.ActiveCfg = Release|Win32
		{F71A561E-F88E-4FEC-BF04-3C16ABACD465}.Release|x86.Build.0 = Release|Win32
		{24D44FFE-AD9C-4C3D-9AB2-F2E4C0E6FF71}.Debug|x64.ActiveCfg = Debug|x64
		{24D44FFE-AD9C-4C3D-9AB2-F2E4C0E6FF71}.Debug|x64.Build.0 = Debug|x64
		{24D44FFE-AD9C-4C3D-9AB2-F2E4C0E6FF71}.Debug|x86.ActiveCfg = Debug|Win32
		{24D44FFE-AD9C-4C3D-9AB2-F2E4C0E6FF71}.Debug|x86.Build.0 = Debug|Win32
		{24D44FFE-AD9C-4C3D-9AB2-F2E4C0E6FF71}.Release|x64.ActiveCfg = Release|x64
		{24D44FFE-AD9C-4C3D-9AB2-F2E4C0E6FF71}.Release|x64.Build.0 = Release|x64
		{24D44FFE-AD9C-4C3D-9AB2-F2E4C0E6FF71}.Release|x86.ActiveCfg = Release|Win32
		{24D44FFE-AD9C-4C3D-9AB2-F2E4C0E6FF71}.Release|x86.Build.0 = Release|Win32
		{DE027349-D87B-4EFB-A139-5E73449EE21E}.Debug|x64.ActiveCfg = Debug|Win32
		{DE027349-D87B-4EFB-A139-5E73449EE21E}.Debug|x86.ActiveCfg = Debug|Win32
		{DE027349-D87B-4EFB-A139-5E73449EE21E}.Debug|x86.Build.0 = Debug|Win32
		{DE027349-D87B-4EFB-A139-5E73449EE21E}.Release|x64.ActiveCfg = Release|Win32
		{DE027349-D87B-4EFB-A139-5E73449EE21E}.Release|x86.ActiveCfg = Release|Win32
		{DE027349-D87B-4EFB-A139-5E73449EE21E}.Release|x86.Build.0 = Release|Win32
		{CB80625C-8E23-4BEC-8830-59ADB26D4075}.Debug|x64.ActiveCfg = Debug|Win32
		{CB80625C-8E23-4BEC-8830-59ADB26D4075}.Debug|x86.ActiveCfg = Debug|Win32
		{CB80625C-8E23-4BEC-8830-59ADB26D4075}.Debug|x86.Build.0 = Debug|Win32
		{CB80625C-8E23-4BEC-8830-59ADB26D4075}.Release|x64.ActiveCfg = Release|Win32
		{CB80625C-8E23-4BEC-8830-59ADB26D4075}.Release|x86.ActiveCfg = Release|Win32
		{CB80625C-8E23-4BEC-8830-59ADB26D4075}.Release|x86.Build.0 = Release|Win32
		{40EFBAE3-0A3D-429F-8F6F-9F572CE01B40}.Debug|x64.ActiveCfg = Debug|Win32
		{40EFBAE3-0A3D-429F-8F6F-9F572CE01B40}.Debug|x86.ActiveCfg = Debug|Win32
		{40EFBAE3-0A3D-429F-8F6F-9F572CE01B40}.Debug|x86.Build.0 = Debug|Win32
		{40EFBAE3-0A3D-429F-8F6F-9F572CE01B40}.Release|x64.ActiveCfg = Release|Win32
		{40EFBAE3-0A3D-429F-8F6F-9F572CE01B40}.Release|x86.ActiveCfg = Release|Win32
		{40EFBAE3-0A3D-429F-8F6F-9F572CE01B40}.Release|x86.Build.0 = Release|Win32
	EndGlobalSection
	GlobalSection(SolutionProperties) = preSolution
		HideSolutionNode = FALSE
	EndGlobalSection
	GlobalSection(ExtensibilityGlobals) = postSolution
		SolutionGuid = {88857FCE-4467-4BD8-812B-9D4B31BDE68B}
	EndGlobalSection
EndGlobal
